PODS:
  - Alamofire (4.8.1)
  - lottie-ios (2.5.2)
  - SnapKit (4.0.1)

DEPENDENCIES:
  - Alamofire (~> 4.8.1)
  - lottie-ios
  - SnapKit (~> 4.0.0)

SPEC REPOS:
  https://github.com/cocoapods/specs.git:
    - Alamofire
    - lottie-ios
    - SnapKit

SPEC CHECKSUMS:
  Alamofire: 16ce2c353fb72865124ddae8a57c5942388f4f11
  lottie-ios: 3fef45d3fabe63e3c7c2eb603dd64ddfffc73062
  SnapKit: 0de968a9fec17499afa29683b05d0c775b6d1c29

PODFILE CHECKSUM: e24aa4d7bc84de2e26454db379d38af3e4fe9ef7

COCOAPODS: 1.6.2
